// !$*UTF8*$!
{
	archiveVersion = 1;
	classes = {
	};
	objectVersion = 51;
	objects = {

/* Begin PBXBuildFile section */
		1114F477FE9648E9330CB683 /* Pods_WeatherSearching.framework in Frameworks */ = {isa = PBXBuildFile; fileRef = 64924C9A6C48D35B950A4B84 /* Pods_WeatherSearching.framework */; };
		15FF367E235D19E4AC128F8A /* Pods_WeatherSearchingTests.framework in Frameworks */ = {isa = PBXBuildFile; fileRef = 72F7EED4ACDCCB7F082326DA /* Pods_WeatherSearchingTests.framework */; };
		2F01353B015E420ED602C373 /* Pods_WeatherSearching_WeatherSearchingUITests.framework in Frameworks */ = {isa = PBXBuildFile; fileRef = A60F15E5991B080A05DA7D70 /* Pods_WeatherSearching_WeatherSearchingUITests.framework */; };
		580F7213266A9F130037D797 /* WeatherSearchingApp.swift in Sources */ = {isa = PBXBuildFile; fileRef = 580F7212266A9F130037D797 /* WeatherSearchingApp.swift */; };
		580F7215266A9F130037D797 /* ContentView.swift in Sources */ = {isa = PBXBuildFile; fileRef = 580F7214266A9F130037D797 /* ContentView.swift */; };
		580F7217266A9F140037D797 /* Assets.xcassets in Resources */ = {isa = PBXBuildFile; fileRef = 580F7216266A9F140037D797 /* Assets.xcassets */; };
		580F721A266A9F140037D797 /* Preview Assets.xcassets in Resources */ = {isa = PBXBuildFile; fileRef = 580F7219266A9F140037D797 /* Preview Assets.xcassets */; };
		580F7225266A9F140037D797 /* WeatherSearchingTests.swift in Sources */ = {isa = PBXBuildFile; fileRef = 580F7224266A9F140037D797 /* WeatherSearchingTests.swift */; };
		580F7230266A9F140037D797 /* WeatherSearchingUITests.swift in Sources */ = {isa = PBXBuildFile; fileRef = 580F722F266A9F140037D797 /* WeatherSearchingUITests.swift */; };
		58183E06266B54A1003A3D84 /* NetworkManager.swift in Sources */ = {isa = PBXBuildFile; fileRef = 58183E05266B54A1003A3D84 /* NetworkManager.swift */; };
		58183E09266B7895003A3D84 /* WeatherModel.swift in Sources */ = {isa = PBXBuildFile; fileRef = 58183E08266B7895003A3D84 /* WeatherModel.swift */; };
		58183E0E266B8B23003A3D84 /* SearchingView.swift in Sources */ = {isa = PBXBuildFile; fileRef = 58183E0D266B8B23003A3D84 /* SearchingView.swift */; };
		58183E10266B8B4F003A3D84 /* RecentSearchView.swift in Sources */ = {isa = PBXBuildFile; fileRef = 58183E0F266B8B4F003A3D84 /* RecentSearchView.swift */; };
		58183E12266B8B58003A3D84 /* SearchingVM.swift in Sources */ = {isa = PBXBuildFile; fileRef = 58183E11266B8B58003A3D84 /* SearchingVM.swift */; };
		58183E15266C0AFE003A3D84 /* Optional+Double.swift in Sources */ = {isa = PBXBuildFile; fileRef = 58183E14266C0AFE003A3D84 /* Optional+Double.swift */; };
		58183E18266CCA23003A3D84 /* countryCodeList.json in Resources */ = {isa = PBXBuildFile; fileRef = 58183E17266CCA22003A3D84 /* countryCodeList.json */; };
		58183E1A266CCAC1003A3D84 /* ResourcesManager.swift in Sources */ = {isa = PBXBuildFile; fileRef = 58183E19266CCAC1003A3D84 /* ResourcesManager.swift */; };
		58183E1C266CCB03003A3D84 /* CountryModel.swift in Sources */ = {isa = PBXBuildFile; fileRef = 58183E1B266CCB03003A3D84 /* CountryModel.swift */; };
		58183E1E266E8A9D003A3D84 /* LocationVM.swift in Sources */ = {isa = PBXBuildFile; fileRef = 58183E1D266E8A9D003A3D84 /* LocationVM.swift */; };
		58183E20266EA0F3003A3D84 /* UserDefaults.swift in Sources */ = {isa = PBXBuildFile; fileRef = 58183E1F266EA0F3003A3D84 /* UserDefaults.swift */; };
/* End PBXBuildFile section */

/* Begin PBXContainerItemProxy section */
		580F7221266A9F140037D797 /* PBXContainerItemProxy */ = {
			isa = PBXContainerItemProxy;
			containerPortal = 580F7207266A9F130037D797 /* Project object */;
			proxyType = 1;
			remoteGlobalIDString = 580F720E266A9F130037D797;
			remoteInfo = WeatherSearching;
		};
		580F722C266A9F140037D797 /* PBXContainerItemProxy */ = {
			isa = PBXContainerItemProxy;
			containerPortal = 580F7207266A9F130037D797 /* Project object */;
			proxyType = 1;
			remoteGlobalIDString = 580F720E266A9F130037D797;
			remoteInfo = WeatherSearching;
		};
/* End PBXContainerItemProxy section */

/* Begin PBXFileReference section */
		0F7DCB0F7B0462C312A4D8CE /* Pods-WeatherSearching-WeatherSearchingUITests.release.xcconfig */ = {isa = PBXFileReference; includeInIndex = 1; lastKnownFileType = text.xcconfig; name = "Pods-WeatherSearching-WeatherSearchingUITests.release.xcconfig"; path = "Target Support Files/Pods-WeatherSearching-WeatherSearchingUITests/Pods-WeatherSearching-WeatherSearchingUITests.release.xcconfig"; sourceTree = "<group>"; };
		2C545112AB5EE076B779FB08 /* Pods-WeatherSearching.release.xcconfig */ = {isa = PBXFileReference; includeInIndex = 1; lastKnownFileType = text.xcconfig; name = "Pods-WeatherSearching.release.xcconfig"; path = "Target Support Files/Pods-WeatherSearching/Pods-WeatherSearching.release.xcconfig"; sourceTree = "<group>"; };
		326732B9EEC11CFB3D78BE83 /* Pods-WeatherSearching-WeatherSearchingUITests.debug.xcconfig */ = {isa = PBXFileReference; includeInIndex = 1; lastKnownFileType = text.xcconfig; name = "Pods-WeatherSearching-WeatherSearchingUITests.debug.xcconfig"; path = "Target Support Files/Pods-WeatherSearching-WeatherSearchingUITests/Pods-WeatherSearching-WeatherSearchingUITests.debug.xcconfig"; sourceTree = "<group>"; };
		580F720F266A9F130037D797 /* WeatherSearching.app */ = {isa = PBXFileReference; explicitFileType = wrapper.application; includeInIndex = 0; path = WeatherSearching.app; sourceTree = BUILT_PRODUCTS_DIR; };
		580F7212266A9F130037D797 /* WeatherSearchingApp.swift */ = {isa = PBXFileReference; lastKnownFileType = sourcecode.swift; path = WeatherSearchingApp.swift; sourceTree = "<group>"; };
		580F7214266A9F130037D797 /* ContentView.swift */ = {isa = PBXFileReference; lastKnownFileType = sourcecode.swift; path = ContentView.swift; sourceTree = "<group>"; };
		580F7216266A9F140037D797 /* Assets.xcassets */ = {isa = PBXFileReference; lastKnownFileType = folder.assetcatalog; path = Assets.xcassets; sourceTree = "<group>"; };
		580F7219266A9F140037D797 /* Preview Assets.xcassets */ = {isa = PBXFileReference; lastKnownFileType = folder.assetcatalog; path = "Preview Assets.xcassets"; sourceTree = "<group>"; };
		580F721B266A9F140037D797 /* Info.plist */ = {isa = PBXFileReference; lastKnownFileType = text.plist.xml; path = Info.plist; sourceTree = "<group>"; };
		580F7220266A9F140037D797 /* WeatherSearchingTests.xctest */ = {isa = PBXFileReference; explicitFileType = wrapper.cfbundle; includeInIndex = 0; path = WeatherSearchingTests.xctest; sourceTree = BUILT_PRODUCTS_DIR; };
		580F7224266A9F140037D797 /* WeatherSearchingTests.swift */ = {isa = PBXFileReference; lastKnownFileType = sourcecode.swift; path = WeatherSearchingTests.swift; sourceTree = "<group>"; };
		580F7226266A9F140037D797 /* Info.plist */ = {isa = PBXFileReference; lastKnownFileType = text.plist.xml; path = Info.plist; sourceTree = "<group>"; };
		580F722B266A9F140037D797 /* WeatherSearchingUITests.xctest */ = {isa = PBXFileReference; explicitFileType = wrapper.cfbundle; includeInIndex = 0; path = WeatherSearchingUITests.xctest; sourceTree = BUILT_PRODUCTS_DIR; };
		580F722F266A9F140037D797 /* WeatherSearchingUITests.swift */ = {isa = PBXFileReference; lastKnownFileType = sourcecode.swift; path = WeatherSearchingUITests.swift; sourceTree = "<group>"; };
		580F7231266A9F140037D797 /* Info.plist */ = {isa = PBXFileReference; lastKnownFileType = text.plist.xml; path = Info.plist; sourceTree = "<group>"; };
		58183E05266B54A1003A3D84 /* NetworkManager.swift */ = {isa = PBXFileReference; lastKnownFileType = sourcecode.swift; path = NetworkManager.swift; sourceTree = "<group>"; };
		58183E08266B7895003A3D84 /* WeatherModel.swift */ = {isa = PBXFileReference; lastKnownFileType = sourcecode.swift; path = WeatherModel.swift; sourceTree = "<group>"; };
		58183E0D266B8B23003A3D84 /* SearchingView.swift */ = {isa = PBXFileReference; lastKnownFileType = sourcecode.swift; path = SearchingView.swift; sourceTree = "<group>"; };
		58183E0F266B8B4F003A3D84 /* RecentSearchView.swift */ = {isa = PBXFileReference; lastKnownFileType = sourcecode.swift; path = RecentSearchView.swift; sourceTree = "<group>"; };
		58183E11266B8B58003A3D84 /* SearchingVM.swift */ = {isa = PBXFileReference; lastKnownFileType = sourcecode.swift; path = SearchingVM.swift; sourceTree = "<group>"; };
		58183E14266C0AFE003A3D84 /* Optional+Double.swift */ = {isa = PBXFileReference; lastKnownFileType = sourcecode.swift; path = "Optional+Double.swift"; sourceTree = "<group>"; };
		58183E17266CCA22003A3D84 /* countryCodeList.json */ = {isa = PBXFileReference; fileEncoding = 4; lastKnownFileType = text.json; path = countryCodeList.json; sourceTree = "<group>"; };
		58183E19266CCAC1003A3D84 /* ResourcesManager.swift */ = {isa = PBXFileReference; lastKnownFileType = sourcecode.swift; path = ResourcesManager.swift; sourceTree = "<group>"; };
		58183E1B266CCB03003A3D84 /* CountryModel.swift */ = {isa = PBXFileReference; lastKnownFileType = sourcecode.swift; path = CountryModel.swift; sourceTree = "<group>"; };
		58183E1D266E8A9D003A3D84 /* LocationVM.swift */ = {isa = PBXFileReference; lastKnownFileType = sourcecode.swift; path = LocationVM.swift; sourceTree = "<group>"; };
		58183E1F266EA0F3003A3D84 /* UserDefaults.swift */ = {isa = PBXFileReference; lastKnownFileType = sourcecode.swift; path = UserDefaults.swift; sourceTree = "<group>"; };
		5C03DA127665D6AA3C4A5BC2 /* Pods-WeatherSearchingTests.release.xcconfig */ = {isa = PBXFileReference; includeInIndex = 1; lastKnownFileType = text.xcconfig; name = "Pods-WeatherSearchingTests.release.xcconfig"; path = "Target Support Files/Pods-WeatherSearchingTests/Pods-WeatherSearchingTests.release.xcconfig"; sourceTree = "<group>"; };
		64924C9A6C48D35B950A4B84 /* Pods_WeatherSearching.framework */ = {isa = PBXFileReference; explicitFileType = wrapper.framework; includeInIndex = 0; path = Pods_WeatherSearching.framework; sourceTree = BUILT_PRODUCTS_DIR; };
		6D2E560426E6ADA74B9FFFA4 /* Pods-WeatherSearchingTests.debug.xcconfig */ = {isa = PBXFileReference; includeInIndex = 1; lastKnownFileType = text.xcconfig; name = "Pods-WeatherSearchingTests.debug.xcconfig"; path = "Target Support Files/Pods-WeatherSearchingTests/Pods-WeatherSearchingTests.debug.xcconfig"; sourceTree = "<group>"; };
		72F7EED4ACDCCB7F082326DA /* Pods_WeatherSearchingTests.framework */ = {isa = PBXFileReference; explicitFileType = wrapper.framework; includeInIndex = 0; path = Pods_WeatherSearchingTests.framework; sourceTree = BUILT_PRODUCTS_DIR; };
		A60F15E5991B080A05DA7D70 /* Pods_WeatherSearching_WeatherSearchingUITests.framework */ = {isa = PBXFileReference; explicitFileType = wrapper.framework; includeInIndex = 0; path = Pods_WeatherSearching_WeatherSearchingUITests.framework; sourceTree = BUILT_PRODUCTS_DIR; };
		BAB3FE83C587D89DBF8D77FB /* Pods-WeatherSearching.debug.xcconfig */ = {isa = PBXFileReference; includeInIndex = 1; lastKnownFileType = text.xcconfig; name = "Pods-WeatherSearching.debug.xcconfig"; path = "Target Support Files/Pods-WeatherSearching/Pods-WeatherSearching.debug.xcconfig"; sourceTree = "<group>"; };
/* End PBXFileReference section */

/* Begin PBXFrameworksBuildPhase section */
		580F720C266A9F130037D797 /* Frameworks */ = {
			isa = PBXFrameworksBuildPhase;
			buildActionMask = 2147483647;
			files = (
				1114F477FE9648E9330CB683 /* Pods_WeatherSearching.framework in Frameworks */,
			);
			runOnlyForDeploymentPostprocessing = 0;
		};
		580F721D266A9F140037D797 /* Frameworks */ = {
			isa = PBXFrameworksBuildPhase;
			buildActionMask = 2147483647;
			files = (
				15FF367E235D19E4AC128F8A /* Pods_WeatherSearchingTests.framework in Frameworks */,
			);
			runOnlyForDeploymentPostprocessing = 0;
		};
		580F7228266A9F140037D797 /* Frameworks */ = {
			isa = PBXFrameworksBuildPhase;
			buildActionMask = 2147483647;
			files = (
				2F01353B015E420ED602C373 /* Pods_WeatherSearching_WeatherSearchingUITests.framework in Frameworks */,
			);
			runOnlyForDeploymentPostprocessing = 0;
		};
/* End PBXFrameworksBuildPhase section */

/* Begin PBXGroup section */
		580F7206266A9F130037D797 = {
			isa = PBXGroup;
			children = (
				580F7211266A9F130037D797 /* WeatherSearching */,
				580F7223266A9F140037D797 /* WeatherSearchingTests */,
				580F722E266A9F140037D797 /* WeatherSearchingUITests */,
				580F7210266A9F130037D797 /* Products */,
				B80861244D95756E8E325354 /* Pods */,
				E7A35F72004D1590D1ACD186 /* Frameworks */,
			);
			sourceTree = "<group>";
		};
		580F7210266A9F130037D797 /* Products */ = {
			isa = PBXGroup;
			children = (
				580F720F266A9F130037D797 /* WeatherSearching.app */,
				580F7220266A9F140037D797 /* WeatherSearchingTests.xctest */,
				580F722B266A9F140037D797 /* WeatherSearchingUITests.xctest */,
			);
			name = Products;
			sourceTree = "<group>";
		};
		580F7211266A9F130037D797 /* WeatherSearching */ = {
			isa = PBXGroup;
			children = (
				58183E16266CC722003A3D84 /* Resources */,
				58183E0A266B8ADB003A3D84 /* Screens */,
				58183E07266B7881003A3D84 /* Models */,
				58183E04266B5438003A3D84 /* Utilities */,
				58183E13266C0AE8003A3D84 /* Extensions */,
				580F7212266A9F130037D797 /* WeatherSearchingApp.swift */,
				580F7214266A9F130037D797 /* ContentView.swift */,
				580F7216266A9F140037D797 /* Assets.xcassets */,
				580F721B266A9F140037D797 /* Info.plist */,
				580F7218266A9F140037D797 /* Preview Content */,
			);
			path = WeatherSearching;
			sourceTree = "<group>";
		};
		580F7218266A9F140037D797 /* Preview Content */ = {
			isa = PBXGroup;
			children = (
				580F7219266A9F140037D797 /* Preview Assets.xcassets */,
			);
			path = "Preview Content";
			sourceTree = "<group>";
		};
		580F7223266A9F140037D797 /* WeatherSearchingTests */ = {
			isa = PBXGroup;
			children = (
				580F7224266A9F140037D797 /* WeatherSearchingTests.swift */,
				580F7226266A9F140037D797 /* Info.plist */,
			);
			path = WeatherSearchingTests;
			sourceTree = "<group>";
		};
		580F722E266A9F140037D797 /* WeatherSearchingUITests */ = {
			isa = PBXGroup;
			children = (
				580F722F266A9F140037D797 /* WeatherSearchingUITests.swift */,
				580F7231266A9F140037D797 /* Info.plist */,
			);
			path = WeatherSearchingUITests;
			sourceTree = "<group>";
		};
		58183E04266B5438003A3D84 /* Utilities */ = {
			isa = PBXGroup;
			children = (
				58183E05266B54A1003A3D84 /* NetworkManager.swift */,
				58183E19266CCAC1003A3D84 /* ResourcesManager.swift */,
				58183E1D266E8A9D003A3D84 /* LocationVM.swift */,
				58183E1F266EA0F3003A3D84 /* UserDefaults.swift */,
			);
			path = Utilities;
			sourceTree = "<group>";
		};
		58183E07266B7881003A3D84 /* Models */ = {
			isa = PBXGroup;
			children = (
				58183E08266B7895003A3D84 /* WeatherModel.swift */,
				58183E1B266CCB03003A3D84 /* CountryModel.swift */,
			);
			path = Models;
			sourceTree = "<group>";
		};
		58183E0A266B8ADB003A3D84 /* Screens */ = {
			isa = PBXGroup;
			children = (
				58183E0C266B8B0E003A3D84 /* RecentSearches */,
				58183E0B266B8AEA003A3D84 /* Searching */,
			);
			path = Screens;
			sourceTree = "<group>";
		};
		58183E0B266B8AEA003A3D84 /* Searching */ = {
			isa = PBXGroup;
			children = (
				58183E0D266B8B23003A3D84 /* SearchingView.swift */,
				58183E11266B8B58003A3D84 /* SearchingVM.swift */,
			);
			path = Searching;
			sourceTree = "<group>";
		};
		58183E0C266B8B0E003A3D84 /* RecentSearches */ = {
			isa = PBXGroup;
			children = (
				58183E0F266B8B4F003A3D84 /* RecentSearchView.swift */,
			);
			path = RecentSearches;
			sourceTree = "<group>";
		};
		58183E13266C0AE8003A3D84 /* Extensions */ = {
			isa = PBXGroup;
			children = (
				58183E14266C0AFE003A3D84 /* Optional+Double.swift */,
			);
			path = Extensions;
			sourceTree = "<group>";
		};
		58183E16266CC722003A3D84 /* Resources */ = {
			isa = PBXGroup;
			children = (
				58183E17266CCA22003A3D84 /* countryCodeList.json */,
			);
			path = Resources;
			sourceTree = "<group>";
		};
		B80861244D95756E8E325354 /* Pods */ = {
			isa = PBXGroup;
			children = (
				BAB3FE83C587D89DBF8D77FB /* Pods-WeatherSearching.debug.xcconfig */,
				2C545112AB5EE076B779FB08 /* Pods-WeatherSearching.release.xcconfig */,
				326732B9EEC11CFB3D78BE83 /* Pods-WeatherSearching-WeatherSearchingUITests.debug.xcconfig */,
				0F7DCB0F7B0462C312A4D8CE /* Pods-WeatherSearching-WeatherSearchingUITests.release.xcconfig */,
				6D2E560426E6ADA74B9FFFA4 /* Pods-WeatherSearchingTests.debug.xcconfig */,
				5C03DA127665D6AA3C4A5BC2 /* Pods-WeatherSearchingTests.release.xcconfig */,
			);
			path = Pods;
			sourceTree = "<group>";
		};
		E7A35F72004D1590D1ACD186 /* Frameworks */ = {
			isa = PBXGroup;
			children = (
				64924C9A6C48D35B950A4B84 /* Pods_WeatherSearching.framework */,
				A60F15E5991B080A05DA7D70 /* Pods_WeatherSearching_WeatherSearchingUITests.framework */,
				72F7EED4ACDCCB7F082326DA /* Pods_WeatherSearchingTests.framework */,
			);
			name = Frameworks;
			sourceTree = "<group>";
		};
/* End PBXGroup section */

/* Begin PBXNativeTarget section */
		580F720E266A9F130037D797 /* WeatherSearching */ = {
			isa = PBXNativeTarget;
			buildConfigurationList = 580F7234266A9F140037D797 /* Build configuration list for PBXNativeTarget "WeatherSearching" */;
			buildPhases = (
				8816C25B383F4DF06673E7AF /* [CP] Check Pods Manifest.lock */,
				580F720B266A9F130037D797 /* Sources */,
				580F720C266A9F130037D797 /* Frameworks */,
				580F720D266A9F130037D797 /* Resources */,
				CD73077C6CA01EDE769FE252 /* [CP] Embed Pods Frameworks */,
			);
			buildRules = (
			);
			dependencies = (
			);
			name = WeatherSearching;
			productName = WeatherSearching;
			productReference = 580F720F266A9F130037D797 /* WeatherSearching.app */;
			productType = "com.apple.product-type.application";
		};
		580F721F266A9F140037D797 /* WeatherSearchingTests */ = {
			isa = PBXNativeTarget;
			buildConfigurationList = 580F7237266A9F140037D797 /* Build configuration list for PBXNativeTarget "WeatherSearchingTests" */;
			buildPhases = (
				D06D207305C18D7DD91B653B /* [CP] Check Pods Manifest.lock */,
				580F721C266A9F140037D797 /* Sources */,
				580F721D266A9F140037D797 /* Frameworks */,
				580F721E266A9F140037D797 /* Resources */,
			);
			buildRules = (
			);
			dependencies = (
				580F7222266A9F140037D797 /* PBXTargetDependency */,
			);
			name = WeatherSearchingTests;
			productName = WeatherSearchingTests;
			productReference = 580F7220266A9F140037D797 /* WeatherSearchingTests.xctest */;
			productType = "com.apple.product-type.bundle.unit-test";
		};
		580F722A266A9F140037D797 /* WeatherSearchingUITests */ = {
			isa = PBXNativeTarget;
			buildConfigurationList = 580F723A266A9F140037D797 /* Build configuration list for PBXNativeTarget "WeatherSearchingUITests" */;
			buildPhases = (
				AF36F056BBA92231008613F1 /* [CP] Check Pods Manifest.lock */,
				580F7227266A9F140037D797 /* Sources */,
				580F7228266A9F140037D797 /* Frameworks */,
				580F7229266A9F140037D797 /* Resources */,
				332C9C776781F946E73DDF40 /* [CP] Embed Pods Frameworks */,
			);
			buildRules = (
			);
			dependencies = (
				580F722D266A9F140037D797 /* PBXTargetDependency */,
			);
			name = WeatherSearchingUITests;
			productName = WeatherSearchingUITests;
			productReference = 580F722B266A9F140037D797 /* WeatherSearchingUITests.xctest */;
			productType = "com.apple.product-type.bundle.ui-testing";
		};
/* End PBXNativeTarget section */

/* Begin PBXProject section */
		580F7207266A9F130037D797 /* Project object */ = {
			isa = PBXProject;
			attributes = {
				LastSwiftUpdateCheck = 1250;
				LastUpgradeCheck = 1250;
				TargetAttributes = {
					580F720E266A9F130037D797 = {
						CreatedOnToolsVersion = 12.5;
					};
					580F721F266A9F140037D797 = {
						CreatedOnToolsVersion = 12.5;
						TestTargetID = 580F720E266A9F130037D797;
					};
					580F722A266A9F140037D797 = {
						CreatedOnToolsVersion = 12.5;
						TestTargetID = 580F720E266A9F130037D797;
					};
				};
			};
			buildConfigurationList = 580F720A266A9F130037D797 /* Build configuration list for PBXProject "WeatherSearching" */;
			compatibilityVersion = "Xcode 9.3";
			developmentRegion = en;
			hasScannedForEncodings = 0;
			knownRegions = (
				en,
				Base,
			);
			mainGroup = 580F7206266A9F130037D797;
			productRefGroup = 580F7210266A9F130037D797 /* Products */;
			projectDirPath = "";
			projectRoot = "";
			targets = (
				580F720E266A9F130037D797 /* WeatherSearching */,
				580F721F266A9F140037D797 /* WeatherSearchingTests */,
				580F722A266A9F140037D797 /* WeatherSearchingUITests */,
			);
		};
/* End PBXProject section */

/* Begin PBXResourcesBuildPhase section */
		580F720D266A9F130037D797 /* Resources */ = {
			isa = PBXResourcesBuildPhase;
			buildActionMask = 2147483647;
			files = (
				58183E18266CCA23003A3D84 /* countryCodeList.json in Resources */,
				580F721A266A9F140037D797 /* Preview Assets.xcassets in Resources */,
				580F7217266A9F140037D797 /* Assets.xcassets in Resources */,
			);
			runOnlyForDeploymentPostprocessing = 0;
		};
		580F721E266A9F140037D797 /* Resources */ = {
			isa = PBXResourcesBuildPhase;
			buildActionMask = 2147483647;
			files = (
			);
			runOnlyForDeploymentPostprocessing = 0;
		};
		580F7229266A9F140037D797 /* Resources */ = {
			isa = PBXResourcesBuildPhase;
			buildActionMask = 2147483647;
			files = (
			);
			runOnlyForDeploymentPostprocessing = 0;
		};
/* End PBXResourcesBuildPhase section */

/* Begin PBXShellScriptBuildPhase section */
		332C9C776781F946E73DDF40 /* [CP] Embed Pods Frameworks */ = {
			isa = PBXShellScriptBuildPhase;
			buildActionMask = 2147483647;
			files = (
			);
			inputFileListPaths = (
				"${PODS_ROOT}/Target Support Files/Pods-WeatherSearching-WeatherSearchingUITests/Pods-WeatherSearching-WeatherSearchingUITests-frameworks-${CONFIGURATION}-input-files.xcfilelist",
			);
			name = "[CP] Embed Pods Frameworks";
			outputFileListPaths = (
				"${PODS_ROOT}/Target Support Files/Pods-WeatherSearching-WeatherSearchingUITests/Pods-WeatherSearching-WeatherSearchingUITests-frameworks-${CONFIGURATION}-output-files.xcfilelist",
			);
			runOnlyForDeploymentPostprocessing = 0;
			shellPath = /bin/sh;
			shellScript = "\"${PODS_ROOT}/Target Support Files/Pods-WeatherSearching-WeatherSearchingUITests/Pods-WeatherSearching-WeatherSearchingUITests-frameworks.sh\"\n";
			showEnvVarsInLog = 0;
		};
		8816C25B383F4DF06673E7AF /* [CP] Check Pods Manifest.lock */ = {
			isa = PBXShellScriptBuildPhase;
			buildActionMask = 2147483647;
			files = (
			);
			inputFileListPaths = (
			);
			inputPaths = (
				"${PODS_PODFILE_DIR_PATH}/Podfile.lock",
				"${PODS_ROOT}/Manifest.lock",
			);
			name = "[CP] Check Pods Manifest.lock";
			outputFileListPaths = (
			);
			outputPaths = (
				"$(DERIVED_FILE_DIR)/Pods-WeatherSearching-checkManifestLockResult.txt",
			);
			runOnlyForDeploymentPostprocessing = 0;
			shellPath = /bin/sh;
			shellScript = "diff \"${PODS_PODFILE_DIR_PATH}/Podfile.lock\" \"${PODS_ROOT}/Manifest.lock\" > /dev/null\nif [ $? != 0 ] ; then\n    # print error to STDERR\n    echo \"error: The sandbox is not in sync with the Podfile.lock. Run 'pod install' or update your CocoaPods installation.\" >&2\n    exit 1\nfi\n# This output is used by Xcode 'outputs' to avoid re-running this script phase.\necho \"SUCCESS\" > \"${SCRIPT_OUTPUT_FILE_0}\"\n";
			showEnvVarsInLog = 0;
		};
		AF36F056BBA92231008613F1 /* [CP] Check Pods Manifest.lock */ = {
			isa = PBXShellScriptBuildPhase;
			buildActionMask = 2147483647;
			files = (
			);
			inputFileListPaths = (
			);
			inputPaths = (
				"${PODS_PODFILE_DIR_PATH}/Podfile.lock",
				"${PODS_ROOT}/Manifest.lock",
			);
			name = "[CP] Check Pods Manifest.lock";
			outputFileListPaths = (
			);
			outputPaths = (
				"$(DERIVED_FILE_DIR)/Pods-WeatherSearching-WeatherSearchingUITests-checkManifestLockResult.txt",
			);
			runOnlyForDeploymentPostprocessing = 0;
			shellPath = /bin/sh;
			shellScript = "diff \"${PODS_PODFILE_DIR_PATH}/Podfile.lock\" \"${PODS_ROOT}/Manifest.lock\" > /dev/null\nif [ $? != 0 ] ; then\n    # print error to STDERR\n    echo \"error: The sandbox is not in sync with the Podfile.lock. Run 'pod install' or update your CocoaPods installation.\" >&2\n    exit 1\nfi\n# This output is used by Xcode 'outputs' to avoid re-running this script phase.\necho \"SUCCESS\" > \"${SCRIPT_OUTPUT_FILE_0}\"\n";
			showEnvVarsInLog = 0;
		};
		CD73077C6CA01EDE769FE252 /* [CP] Embed Pods Frameworks */ = {
			isa = PBXShellScriptBuildPhase;
			buildActionMask = 2147483647;
			files = (
			);
			inputFileListPaths = (
				"${PODS_ROOT}/Target Support Files/Pods-WeatherSearching/Pods-WeatherSearching-frameworks-${CONFIGURATION}-input-files.xcfilelist",
			);
			name = "[CP] Embed Pods Frameworks";
			outputFileListPaths = (
				"${PODS_ROOT}/Target Support Files/Pods-WeatherSearching/Pods-WeatherSearching-frameworks-${CONFIGURATION}-output-files.xcfilelist",
			);
			runOnlyForDeploymentPostprocessing = 0;
			shellPath = /bin/sh;
			shellScript = "\"${PODS_ROOT}/Target Support Files/Pods-WeatherSearching/Pods-WeatherSearching-frameworks.sh\"\n";
			showEnvVarsInLog = 0;
		};
		D06D207305C18D7DD91B653B /* [CP] Check Pods Manifest.lock */ = {
			isa = PBXShellScriptBuildPhase;
			buildActionMask = 2147483647;
			files = (
			);
			inputFileListPaths = (
			);
			inputPaths = (
				"${PODS_PODFILE_DIR_PATH}/Podfile.lock",
				"${PODS_ROOT}/Manifest.lock",
			);
			name = "[CP] Check Pods Manifest.lock";
			outputFileListPaths = (
			);
			outputPaths = (
				"$(DERIVED_FILE_DIR)/Pods-WeatherSearchingTests-checkManifestLockResult.txt",
			);
			runOnlyForDeploymentPostprocessing = 0;
			shellPath = /bin/sh;
			shellScript = "diff \"${PODS_PODFILE_DIR_PATH}/Podfile.lock\" \"${PODS_ROOT}/Manifest.lock\" > /dev/null\nif [ $? != 0 ] ; then\n    # print error to STDERR\n    echo \"error: The sandbox is not in sync with the Podfile.lock. Run 'pod install' or update your CocoaPods installation.\" >&2\n    exit 1\nfi\n# This output is used by Xcode 'outputs' to avoid re-running this script phase.\necho \"SUCCESS\" > \"${SCRIPT_OUTPUT_FILE_0}\"\n";
			showEnvVarsInLog = 0;
		};
/* End PBXShellScriptBuildPhase section */

/* Begin PBXSourcesBuildPhase section */
		580F720B266A9F130037D797 /* Sources */ = {
			isa = PBXSourcesBuildPhase;
			buildActionMask = 2147483647;
			files = (
				58183E06266B54A1003A3D84 /* NetworkManager.swift in Sources */,
				58183E10266B8B4F003A3D84 /* RecentSearchView.swift in Sources */,
				580F7215266A9F130037D797 /* ContentView.swift in Sources */,
				58183E1E266E8A9D003A3D84 /* LocationVM.swift in Sources */,
				58183E09266B7895003A3D84 /* WeatherModel.swift in Sources */,
				58183E15266C0AFE003A3D84 /* Optional+Double.swift in Sources */,
				580F7213266A9F130037D797 /* WeatherSearchingApp.swift in Sources */,
				58183E1C266CCB03003A3D84 /* CountryModel.swift in Sources */,
				58183E20266EA0F3003A3D84 /* UserDefaults.swift in Sources */,
				58183E0E266B8B23003A3D84 /* SearchingView.swift in Sources */,
				58183E12266B8B58003A3D84 /* SearchingVM.swift in Sources */,
				58183E1A266CCAC1003A3D84 /* ResourcesManager.swift in Sources */,
			);
			runOnlyForDeploymentPostprocessing = 0;
		};
		580F721C266A9F140037D797 /* Sources */ = {
			isa = PBXSourcesBuildPhase;
			buildActionMask = 2147483647;
			files = (
				580F7225266A9F140037D797 /* WeatherSearchingTests.swift in Sources */,
			);
			runOnlyForDeploymentPostprocessing = 0;
		};
		580F7227266A9F140037D797 /* Sources */ = {
			isa = PBXSourcesBuildPhase;
			buildActionMask = 2147483647;
			files = (
				580F7230266A9F140037D797 /* WeatherSearchingUITests.swift in Sources */,
			);
			runOnlyForDeploymentPostprocessing = 0;
		};
/* End PBXSourcesBuildPhase section */

/* Begin PBXTargetDependency section */
		580F7222266A9F140037D797 /* PBXTargetDependency */ = {
			isa = PBXTargetDependency;
			target = 580F720E266A9F130037D797 /* WeatherSearching */;
			targetProxy = 580F7221266A9F140037D797 /* PBXContainerItemProxy */;
		};
		580F722D266A9F140037D797 /* PBXTargetDependency */ = {
			isa = PBXTargetDependency;
			target = 580F720E266A9F130037D797 /* WeatherSearching */;
			targetProxy = 580F722C266A9F140037D797 /* PBXContainerItemProxy */;
		};
/* End PBXTargetDependency section */

/* Begin XCBuildConfiguration section */
		580F7232266A9F140037D797 /* Debug */ = {
			isa = XCBuildConfiguration;
			buildSettings = {
				ALWAYS_SEARCH_USER_PATHS = NO;
				CLANG_ANALYZER_NONNULL = YES;
				CLANG_ANALYZER_NUMBER_OBJECT_CONVERSION = YES_AGGRESSIVE;
				CLANG_CXX_LANGUAGE_STANDARD = "gnu++14";
				CLANG_CXX_LIBRARY = "libc++";
				CLANG_ENABLE_MODULES = YES;
				CLANG_ENABLE_OBJC_ARC = YES;
				CLANG_ENABLE_OBJC_WEAK = YES;
				CLANG_WARN_BLOCK_CAPTURE_AUTORELEASING = YES;
				CLANG_WARN_BOOL_CONVERSION = YES;
				CLANG_WARN_COMMA = YES;
				CLANG_WARN_CONSTANT_CONVERSION = YES;
				CLANG_WARN_DEPRECATED_OBJC_IMPLEMENTATIONS = YES;
				CLANG_WARN_DIRECT_OBJC_ISA_USAGE = YES_ERROR;
				CLANG_WARN_DOCUMENTATION_COMMENTS = YES;
				CLANG_WARN_EMPTY_BODY = YES;
				CLANG_WARN_ENUM_CONVERSION = YES;
				CLANG_WARN_INFINITE_RECURSION = YES;
				CLANG_WARN_INT_CONVERSION = YES;
				CLANG_WARN_NON_LITERAL_NULL_CONVERSION = YES;
				CLANG_WARN_OBJC_IMPLICIT_RETAIN_SELF = YES;
				CLANG_WARN_OBJC_LITERAL_CONVERSION = YES;
				CLANG_WARN_OBJC_ROOT_CLASS = YES_ERROR;
				CLANG_WARN_QUOTED_INCLUDE_IN_FRAMEWORK_HEADER = YES;
				CLANG_WARN_RANGE_LOOP_ANALYSIS = YES;
				CLANG_WARN_STRICT_PROTOTYPES = YES;
				CLANG_WARN_SUSPICIOUS_MOVE = YES;
				CLANG_WARN_UNGUARDED_AVAILABILITY = YES_AGGRESSIVE;
				CLANG_WARN_UNREACHABLE_CODE = YES;
				CLANG_WARN__DUPLICATE_METHOD_MATCH = YES;
				COPY_PHASE_STRIP = NO;
				DEBUG_INFORMATION_FORMAT = dwarf;
				ENABLE_STRICT_OBJC_MSGSEND = YES;
				ENABLE_TESTABILITY = YES;
				GCC_C_LANGUAGE_STANDARD = gnu11;
				GCC_DYNAMIC_NO_PIC = NO;
				GCC_NO_COMMON_BLOCKS = YES;
				GCC_OPTIMIZATION_LEVEL = 0;
				GCC_PREPROCESSOR_DEFINITIONS = (
					"DEBUG=1",
					"$(inherited)",
				);
				GCC_WARN_64_TO_32_BIT_CONVERSION = YES;
				GCC_WARN_ABOUT_RETURN_TYPE = YES_ERROR;
				GCC_WARN_UNDECLARED_SELECTOR = YES;
				GCC_WARN_UNINITIALIZED_AUTOS = YES_AGGRESSIVE;
				GCC_WARN_UNUSED_FUNCTION = YES;
				GCC_WARN_UNUSED_VARIABLE = YES;
				IPHONEOS_DEPLOYMENT_TARGET = 14.5;
				MTL_ENABLE_DEBUG_INFO = INCLUDE_SOURCE;
				MTL_FAST_MATH = YES;
				ONLY_ACTIVE_ARCH = YES;
				SDKROOT = iphoneos;
				SWIFT_ACTIVE_COMPILATION_CONDITIONS = DEBUG;
				SWIFT_OPTIMIZATION_LEVEL = "-Onone";
			};
			name = Debug;
		};
		580F7233266A9F140037D797 /* Release */ = {
			isa = XCBuildConfiguration;
			buildSettings = {
				ALWAYS_SEARCH_USER_PATHS = NO;
				CLANG_ANALYZER_NONNULL = YES;
				CLANG_ANALYZER_NUMBER_OBJECT_CONVERSION = YES_AGGRESSIVE;
				CLANG_CXX_LANGUAGE_STANDARD = "gnu++14";
				CLANG_CXX_LIBRARY = "libc++";
				CLANG_ENABLE_MODULES = YES;
				CLANG_ENABLE_OBJC_ARC = YES;
				CLANG_ENABLE_OBJC_WEAK = YES;
				CLANG_WARN_BLOCK_CAPTURE_AUTORELEASING = YES;
				CLANG_WARN_BOOL_CONVERSION = YES;
				CLANG_WARN_COMMA = YES;
				CLANG_WARN_CONSTANT_CONVERSION = YES;
				CLANG_WARN_DEPRECATED_OBJC_IMPLEMENTATIONS = YES;
				CLANG_WARN_DIRECT_OBJC_ISA_USAGE = YES_ERROR;
				CLANG_WARN_DOCUMENTATION_COMMENTS = YES;
				CLANG_WARN_EMPTY_BODY = YES;
				CLANG_WARN_ENUM_CONVERSION = YES;
				CLANG_WARN_INFINITE_RECURSION = YES;
				CLANG_WARN_INT_CONVERSION = YES;
				CLANG_WARN_NON_LITERAL_NULL_CONVERSION = YES;
				CLANG_WARN_OBJC_IMPLICIT_RETAIN_SELF = YES;
				CLANG_WARN_OBJC_LITERAL_CONVERSION = YES;
				CLANG_WARN_OBJC_ROOT_CLASS = YES_ERROR;
				CLANG_WARN_QUOTED_INCLUDE_IN_FRAMEWORK_HEADER = YES;
				CLANG_WARN_RANGE_LOOP_ANALYSIS = YES;
				CLANG_WARN_STRICT_PROTOTYPES = YES;
				CLANG_WARN_SUSPICIOUS_MOVE = YES;
				CLANG_WARN_UNGUARDED_AVAILABILITY = YES_AGGRESSIVE;
				CLANG_WARN_UNREACHABLE_CODE = YES;
				CLANG_WARN__DUPLICATE_METHOD_MATCH = YES;
				COPY_PHASE_STRIP = NO;
				DEBUG_INFORMATION_FORMAT = "dwarf-with-dsym";
				ENABLE_NS_ASSERTIONS = NO;
				ENABLE_STRICT_OBJC_MSGSEND = YES;
				GCC_C_LANGUAGE_STANDARD = gnu11;
				GCC_NO_COMMON_BLOCKS = YES;
				GCC_WARN_64_TO_32_BIT_CONVERSION = YES;
				GCC_WARN_ABOUT_RETURN_TYPE = YES_ERROR;
				GCC_WARN_UNDECLARED_SELECTOR = YES;
				GCC_WARN_UNINITIALIZED_AUTOS = YES_AGGRESSIVE;
				GCC_WARN_UNUSED_FUNCTION = YES;
				GCC_WARN_UNUSED_VARIABLE = YES;
				IPHONEOS_DEPLOYMENT_TARGET = 14.5;
				MTL_ENABLE_DEBUG_INFO = NO;
				MTL_FAST_MATH = YES;
				SDKROOT = iphoneos;
				SWIFT_COMPILATION_MODE = wholemodule;
				SWIFT_OPTIMIZATION_LEVEL = "-O";
				VALIDATE_PRODUCT = YES;
			};
			name = Release;
		};
		580F7235266A9F140037D797 /* Debug */ = {
			isa = XCBuildConfiguration;
			baseConfigurationReference = BAB3FE83C587D89DBF8D77FB /* Pods-WeatherSearching.debug.xcconfig */;
			buildSettings = {
				ASSETCATALOG_COMPILER_APPICON_NAME = AppIcon;
				ASSETCATALOG_COMPILER_GLOBAL_ACCENT_COLOR_NAME = AccentColor;
				CODE_SIGN_STYLE = Automatic;
				DEVELOPMENT_ASSET_PATHS = "\"WeatherSearching/Preview Content\"";
				ENABLE_PREVIEWS = YES;
				INFOPLIST_FILE = WeatherSearching/Info.plist;
				IPHONEOS_DEPLOYMENT_TARGET = 14.0;
				LD_RUNPATH_SEARCH_PATHS = (
					"$(inherited)",
					"@executable_path/Frameworks",
				);
				PRODUCT_BUNDLE_IDENTIFIER = com.andresc.WeatherSearching;
				PRODUCT_NAME = "$(TARGET_NAME)";
				SWIFT_VERSION = 5.0;
				TARGETED_DEVICE_FAMILY = "1,2";
			};
			name = Debug;
		};
		580F7236266A9F140037D797 /* Release */ = {
			isa = XCBuildConfiguration;
			baseConfigurationReference = 2C545112AB5EE076B779FB08 /* Pods-WeatherSearching.release.xcconfig */;
			buildSettings = {
				ASSETCATALOG_COMPILER_APPICON_NAME = AppIcon;
				ASSETCATALOG_COMPILER_GLOBAL_ACCENT_COLOR_NAME = AccentColor;
				CODE_SIGN_STYLE = Automatic;
				DEVELOPMENT_ASSET_PATHS = "\"WeatherSearching/Preview Content\"";
				ENABLE_PREVIEWS = YES;
				INFOPLIST_FILE = WeatherSearching/Info.plist;
				IPHONEOS_DEPLOYMENT_TARGET = 14.0;
				LD_RUNPATH_SEARCH_PATHS = (
					"$(inherited)",
					"@executable_path/Frameworks",
				);
				PRODUCT_BUNDLE_IDENTIFIER = com.andresc.WeatherSearching;
				PRODUCT_NAME = "$(TARGET_NAME)";
				SWIFT_VERSION = 5.0;
				TARGETED_DEVICE_FAMILY = "1,2";
			};
			name = Release;
		};
		580F7238266A9F140037D797 /* Debug */ = {
			isa = XCBuildConfiguration;
			baseConfigurationReference = 6D2E560426E6ADA74B9FFFA4 /* Pods-WeatherSearchingTests.debug.xcconfig */;
			buildSettings = {
				ALWAYS_EMBED_SWIFT_STANDARD_LIBRARIES = YES;
				BUNDLE_LOADER = "$(TEST_HOST)";
				CODE_SIGN_STYLE = Automatic;
				INFOPLIST_FILE = WeatherSearchingTests/Info.plist;
				IPHONEOS_DEPLOYMENT_TARGET = 14.0;
				LD_RUNPATH_SEARCH_PATHS = (
					"$(inherited)",
					"@executable_path/Frameworks",
					"@loader_path/Frameworks",
				);
				PRODUCT_BUNDLE_IDENTIFIER = com.andresc.WeatherSearchingTests;
				PRODUCT_NAME = "$(TARGET_NAME)";
				SWIFT_VERSION = 5.0;
				TARGETED_DEVICE_FAMILY = "1,2";
				TEST_HOST = "$(BUILT_PRODUCTS_DIR)/WeatherSearching.app/WeatherSearching";
			};
			name = Debug;
		};
		580F7239266A9F140037D797 /* Release */ = {
			isa = XCBuildConfiguration;
			baseConfigurationReference = 5C03DA127665D6AA3C4A5BC2 /* Pods-WeatherSearchingTests.release.xcconfig */;
			buildSettings = {
				ALWAYS_EMBED_SWIFT_STANDARD_LIBRARIES = YES;
				BUNDLE_LOADER = "$(TEST_HOST)";
				CODE_SIGN_STYLE = Automatic;
				INFOPLIST_FILE = WeatherSearchingTests/Info.plist;
				IPHONEOS_DEPLOYMENT_TARGET = 14.0;
				LD_RUNPATH_SEARCH_PATHS = (
					"$(inherited)",
					"@executable_path/Frameworks",
					"@loader_path/Frameworks",
				);
				PRODUCT_BUNDLE_IDENTIFIER = com.andresc.WeatherSearchingTests;
				PRODUCT_NAME = "$(TARGET_NAME)";
				SWIFT_VERSION = 5.0;
				TARGETED_DEVICE_FAMILY = "1,2";
				TEST_HOST = "$(BUILT_PRODUCTS_DIR)/WeatherSearching.app/WeatherSearching";
			};
			name = Release;
		};
		580F723B266A9F140037D797 /* Debug */ = {
			isa = XCBuildConfiguration;
			baseConfigurationReference = 326732B9EEC11CFB3D78BE83 /* Pods-WeatherSearching-WeatherSearchingUITests.debug.xcconfig */;
			buildSettings = {
				ALWAYS_EMBED_SWIFT_STANDARD_LIBRARIES = YES;
				CODE_SIGN_STYLE = Automatic;
				INFOPLIST_FILE = WeatherSearchingUITests/Info.plist;
				LD_RUNPATH_SEARCH_PATHS = (
					"$(inherited)",
					"@executable_path/Frameworks",
					"@loader_path/Frameworks",
				);
				PRODUCT_BUNDLE_IDENTIFIER = com.andresc.WeatherSearchingUITests;
				PRODUCT_NAME = "$(TARGET_NAME)";
				SWIFT_VERSION = 5.0;
				TARGETED_DEVICE_FAMILY = "1,2";
				TEST_TARGET_NAME = WeatherSearching;
			};
			name = Debug;
		};
		580F723C266A9F140037D797 /* Release */ = {
			isa = XCBuildConfiguration;
			baseConfigurationReference = 0F7DCB0F7B0462C312A4D8CE /* Pods-WeatherSearching-WeatherSearchingUITests.release.xcconfig */;
			buildSettings = {
				ALWAYS_EMBED_SWIFT_STANDARD_LIBRARIES = YES;
				CODE_SIGN_STYLE = Automatic;
				INFOPLIST_FILE = WeatherSearchingUITests/Info.plist;
				LD_RUNPATH_SEARCH_PATHS = (
					"$(inherited)",
					"@executable_path/Frameworks",
					"@loader_path/Frameworks",
				);
				PRODUCT_BUNDLE_IDENTIFIER = com.andresc.WeatherSearchingUITests;
				PRODUCT_NAME = "$(TARGET_NAME)";
				SWIFT_VERSION = 5.0;
				TARGETED_DEVICE_FAMILY = "1,2";
				TEST_TARGET_NAME = WeatherSearching;
			};
			name = Release;
		};
/* End XCBuildConfiguration section */

/* Begin XCConfigurationList section */
		580F720A266A9F130037D797 /* Build configuration list for PBXProject "WeatherSearching" */ = {
			isa = XCConfigurationList;
			buildConfigurations = (
				580F7232266A9F140037D797 /* Debug */,
				580F7233266A9F140037D797 /* Release */,
			);
			defaultConfigurationIsVisible = 0;
			defaultConfigurationName = Release;
		};
		580F7234266A9F140037D797 /* Build configuration list for PBXNativeTarget "WeatherSearching" */ = {
			isa = XCConfigurationList;
			buildConfigurations = (
				580F7235266A9F140037D797 /* Debug */,
				580F7236266A9F140037D797 /* Release */,
			);
			defaultConfigurationIsVisible = 0;
			defaultConfigurationName = Release;
		};
		580F7237266A9F140037D797 /* Build configuration list for PBXNativeTarget "WeatherSearchingTests" */ = {
			isa = XCConfigurationList;
			buildConfigurations = (
				580F7238266A9F140037D797 /* Debug */,
				580F7239266A9F140037D797 /* Release */,
			);
			defaultConfigurationIsVisible = 0;
			defaultConfigurationName = Release;
		};
		580F723A266A9F140037D797 /* Build configuration list for PBXNativeTarget "WeatherSearchingUITests" */ = {
			isa = XCConfigurationList;
			buildConfigurations = (
				580F723B266A9F140037D797 /* Debug */,
				580F723C266A9F140037D797 /* Release */,
			);
			defaultConfigurationIsVisible = 0;
			defaultConfigurationName = Release;
		};
/* End XCConfigurationList section */
	};
	rootObject = 580F7207266A9F130037D797 /* Project object */;
}
